// !$*UTF8*$!
{
	archiveVersion = 1;
	classes = {
	};
	objectVersion = 50;
	objects = {

/* Begin PBXBuildFile section */
		017FCE2A250D94CD00F52132 /* AppDelegate.swift in Sources */ = {isa = PBXBuildFile; fileRef = 017FCE29250D94CD00F52132 /* AppDelegate.swift */; };
		017FCE2C250D94CD00F52132 /* SceneDelegate.swift in Sources */ = {isa = PBXBuildFile; fileRef = 017FCE2B250D94CD00F52132 /* SceneDelegate.swift */; };
		017FCE33250D94D500F52132 /* Assets.xcassets in Resources */ = {isa = PBXBuildFile; fileRef = 017FCE32250D94D500F52132 /* Assets.xcassets */; };
		017FCE36250D94D500F52132 /* LaunchScreen.storyboard in Resources */ = {isa = PBXBuildFile; fileRef = 017FCE34250D94D500F52132 /* LaunchScreen.storyboard */; };
		017FCE3E250D9CA900F52132 /* Main.storyboard in Resources */ = {isa = PBXBuildFile; fileRef = 017FCE3D250D9CA900F52132 /* Main.storyboard */; };
		017FCE40250D9D1A00F52132 /* ViewController.swift in Sources */ = {isa = PBXBuildFile; fileRef = 017FCE3F250D9D1A00F52132 /* ViewController.swift */; };
		017FCE42250D9D5700F52132 /* Bullseye.html in Resources */ = {isa = PBXBuildFile; fileRef = 017FCE41250D9D5700F52132 /* Bullseye.html */; };
		017FCE44250D9D8500F52132 /* AboutViewController.swift in Sources */ = {isa = PBXBuildFile; fileRef = 017FCE43250D9D8500F52132 /* AboutViewController.swift */; };
		017FCE46250D9DDB00F52132 /* HighScoresViewController.swift in Sources */ = {isa = PBXBuildFile; fileRef = 017FCE45250D9DDB00F52132 /* HighScoresViewController.swift */; };
/* End PBXBuildFile section */

/* Begin PBXFileReference section */
		017FCE26250D94CD00F52132 /* Bullseye2.app */ = {isa = PBXFileReference; explicitFileType = wrapper.application; includeInIndex = 0; path = Bullseye2.app; sourceTree = BUILT_PRODUCTS_DIR; };
		017FCE29250D94CD00F52132 /* AppDelegate.swift */ = {isa = PBXFileReference; lastKnownFileType = sourcecode.swift; path = AppDelegate.swift; sourceTree = "<group>"; };
		017FCE2B250D94CD00F52132 /* SceneDelegate.swift */ = {isa = PBXFileReference; lastKnownFileType = sourcecode.swift; path = SceneDelegate.swift; sourceTree = "<group>"; };
		017FCE32250D94D500F52132 /* Assets.xcassets */ = {isa = PBXFileReference; lastKnownFileType = folder.assetcatalog; path = Assets.xcassets; sourceTree = "<group>"; };
		017FCE35250D94D500F52132 /* Base */ = {isa = PBXFileReference; lastKnownFileType = file.storyboard; name = Base; path = Base.lproj/LaunchScreen.storyboard; sourceTree = "<group>"; };
		017FCE37250D94D500F52132 /* Info.plist */ = {isa = PBXFileReference; lastKnownFileType = text.plist.xml; path = Info.plist; sourceTree = "<group>"; };
		017FCE3D250D9CA900F52132 /* Main.storyboard */ = {isa = PBXFileReference; fileEncoding = 4; lastKnownFileType = file.storyboard; path = Main.storyboard; sourceTree = "<group>"; };
		017FCE3F250D9D1A00F52132 /* ViewController.swift */ = {isa = PBXFileReference; fileEncoding = 4; lastKnownFileType = sourcecode.swift; name = ViewController.swift; path = "../../../Downloads/iOS_Apprentice_souce_code_v8.2-2.1/20-getting-started-uikit/Source Code/26-Table Views/chapter-26-final/Bullseye/ViewController.swift"; sourceTree = "<group>"; };
		017FCE41250D9D5700F52132 /* Bullseye.html */ = {isa = PBXFileReference; fileEncoding = 4; lastKnownFileType = text.html; path = Bullseye.html; sourceTree = "<group>"; };
		017FCE43250D9D8500F52132 /* AboutViewController.swift */ = {isa = PBXFileReference; fileEncoding = 4; lastKnownFileType = sourcecode.swift; path = AboutViewController.swift; sourceTree = "<group>"; };
		017FCE45250D9DDB00F52132 /* HighScoresViewController.swift */ = {isa = PBXFileReference; fileEncoding = 4; lastKnownFileType = sourcecode.swift; path = HighScoresViewController.swift; sourceTree = "<group>"; };
/* End PBXFileReference section */

/* Begin PBXFrameworksBuildPhase section */
		017FCE23250D94CD00F52132 /* Frameworks */ = {
			isa = PBXFrameworksBuildPhase;
			buildActionMask = 2147483647;
			files = (
			);
			runOnlyForDeploymentPostprocessing = 0;
		};
/* End PBXFrameworksBuildPhase section */

/* Begin PBXGroup section */
		017FCE1D250D94CD00F52132 = {
			isa = PBXGroup;
			children = (
				017FCE28250D94CD00F52132 /* Bullseye2 */,
				017FCE27250D94CD00F52132 /* Products */,
			);
			sourceTree = "<group>";
		};
		017FCE27250D94CD00F52132 /* Products */ = {
			isa = PBXGroup;
			children = (
				017FCE26250D94CD00F52132 /* Bullseye2.app */,
			);
			name = Products;
			sourceTree = "<group>";
		};
		017FCE28250D94CD00F52132 /* Bullseye2 */ = {
			isa = PBXGroup;
			children = (
				017FCE41250D9D5700F52132 /* Bullseye.html */,
				017FCE29250D94CD00F52132 /* AppDelegate.swift */,
				017FCE2B250D94CD00F52132 /* SceneDelegate.swift */,
				017FCE3F250D9D1A00F52132 /* ViewController.swift */,
				017FCE3D250D9CA900F52132 /* Main.storyboard */,
				017FCE43250D9D8500F52132 /* AboutViewController.swift */,
				017FCE45250D9DDB00F52132 /* HighScoresViewController.swift */,
				017FCE32250D94D500F52132 /* Assets.xcassets */,
				017FCE34250D94D500F52132 /* LaunchScreen.storyboard */,
				017FCE37250D94D500F52132 /* Info.plist */,
			);
			path = Bullseye2;
			sourceTree = "<group>";
		};
/* End PBXGroup section */

/* Begin PBXNativeTarget section */
		017FCE25250D94CD00F52132 /* Bullseye2 */ = {
			isa = PBXNativeTarget;
			buildConfigurationList = 017FCE3A250D94D500F52132 /* Build configuration list for PBXNativeTarget "Bullseye2" */;
			buildPhases = (
				017FCE22250D94CD00F52132 /* Sources */,
				017FCE23250D94CD00F52132 /* Frameworks */,
				017FCE24250D94CD00F52132 /* Resources */,
			);
			buildRules = (
			);
			dependencies = (
			);
			name = Bullseye2;
			productName = Bullseye2;
			productReference = 017FCE26250D94CD00F52132 /* Bullseye2.app */;
			productType = "com.apple.product-type.application";
		};
/* End PBXNativeTarget section */

/* Begin PBXProject section */
		017FCE1E250D94CD00F52132 /* Project object */ = {
			isa = PBXProject;
			attributes = {
				LastSwiftUpdateCheck = 1160;
				LastUpgradeCheck = 1160;
				ORGANIZATIONNAME = "Jonathon Belliveau";
				TargetAttributes = {
					017FCE25250D94CD00F52132 = {
						CreatedOnToolsVersion = 11.6;
					};
				};
			};
			buildConfigurationList = 017FCE21250D94CD00F52132 /* Build configuration list for PBXProject "Bullseye2" */;
			compatibilityVersion = "Xcode 9.3";
			developmentRegion = en;
			hasScannedForEncodings = 0;
			knownRegions = (
				en,
				Base,
			);
			mainGroup = 017FCE1D250D94CD00F52132;
			productRefGroup = 017FCE27250D94CD00F52132 /* Products */;
			projectDirPath = "";
			projectRoot = "";
			targets = (
				017FCE25250D94CD00F52132 /* Bullseye2 */,
			);
		};
/* End PBXProject section */

/* Begin PBXResourcesBuildPhase section */
		017FCE24250D94CD00F52132 /* Resources */ = {
			isa = PBXResourcesBuildPhase;
			buildActionMask = 2147483647;
			files = (
				017FCE36250D94D500F52132 /* LaunchScreen.storyboard in Resources */,
				017FCE42250D9D5700F52132 /* Bullseye.html in Resources */,
				017FCE33250D94D500F52132 /* Assets.xcassets in Resources */,
				017FCE3E250D9CA900F52132 /* Main.storyboard in Resources */,
			);
			runOnlyForDeploymentPostprocessing = 0;
		};
/* End PBXResourcesBuildPhase section */

/* Begin PBXSourcesBuildPhase section */
		017FCE22250D94CD00F52132 /* Sources */ = {
			isa = PBXSourcesBuildPhase;
			buildActionMask = 2147483647;
			files = (
				017FCE46250D9DDB00F52132 /* HighScoresViewController.swift in Sources */,
				017FCE2A250D94CD00F52132 /* AppDelegate.swift in Sources */,
				017FCE40250D9D1A00F52132 /* ViewController.swift in Sources */,
				017FCE44250D9D8500F52132 /* AboutViewController.swift in Sources */,
				017FCE2C250D94CD00F52132 /* SceneDelegate.swift in Sources */,
			);
			runOnlyForDeploymentPostprocessing = 0;
		};
/* End PBXSourcesBuildPhase section */

/* Begin PBXVariantGroup section */
		017FCE34250D94D500F52132 /* LaunchScreen.storyboard */ = {
			isa = PBXVariantGroup;
			children = (
				017FCE35250D94D500F52132 /* Base */,
			);
			name = LaunchScreen.storyboard;
			sourceTree = "<group>";
		};
/* End PBXVariantGroup section */

/* Begin XCBuildConfiguration section */
		017FCE38250D94D500F52132 /* Debug */ = {
			isa = XCBuildConfiguration;
			buildSettings = {
				ALWAYS_SEARCH_USER_PATHS = NO;
				CLANG_ANALYZER_NONNULL = YES;
				CLANG_ANALYZER_NUMBER_OBJECT_CONVERSION = YES_AGGRESSIVE;
				CLANG_CXX_LANGUAGE_STANDARD = "gnu++14";
				CLANG_CXX_LIBRARY = "libc++";
				CLANG_ENABLE_MODULES = YES;
				CLANG_ENABLE_OBJC_ARC = YES;
				CLANG_ENABLE_OBJC_WEAK = YES;
				CLANG_WARN_BLOCK_CAPTURE_AUTORELEASING = YES;
				CLANG_WARN_BOOL_CONVERSION = YES;
				CLANG_WARN_COMMA = YES;
				CLANG_WARN_CONSTANT_CONVERSION = YES;
				CLANG_WARN_DEPRECATED_OBJC_IMPLEMENTATIONS = YES;
				CLANG_WARN_DIRECT_OBJC_ISA_USAGE = YES_ERROR;
				CLANG_WARN_DOCUMENTATION_COMMENTS = YES;
				CLANG_WARN_EMPTY_BODY = YES;
				CLANG_WARN_ENUM_CONVERSION = YES;
				CLANG_WARN_INFINITE_RECURSION = YES;
				CLANG_WARN_INT_CONVERSION = YES;
				CLANG_WARN_NON_LITERAL_NULL_CONVERSION = YES;
				CLANG_WARN_OBJC_IMPLICIT_RETAIN_SELF = YES;
				CLANG_WARN_OBJC_LITERAL_CONVERSION = YES;
				CLANG_WARN_OBJC_ROOT_CLASS = YES_ERROR;
				CLANG_WARN_RANGE_LOOP_ANALYSIS = YES;
				CLANG_WARN_STRICT_PROTOTYPES = YES;
				CLANG_WARN_SUSPICIOUS_MOVE = YES;
				CLANG_WARN_UNGUARDED_AVAILABILITY = YES_AGGRESSIVE;
				CLANG_WARN_UNREACHABLE_CODE = YES;
				CLANG_WARN__DUPLICATE_METHOD_MATCH = YES;
				COPY_PHASE_STRIP = NO;
				DEBUG_INFORMATION_FORMAT = dwarf;
				ENABLE_STRICT_OBJC_MSGSEND = YES;
				ENABLE_TESTABILITY = YES;
				GCC_C_LANGUAGE_STANDARD = gnu11;
				GCC_DYNAMIC_NO_PIC = NO;
				GCC_NO_COMMON_BLOCKS = YES;
				GCC_OPTIMIZATION_LEVEL = 0;
				GCC_PREPROCESSOR_DEFINITIONS = (
					"DEBUG=1",
					"$(inherited)",
				);
				GCC_WARN_64_TO_32_BIT_CONVERSION = YES;
				GCC_WARN_ABOUT_RETURN_TYPE = YES_ERROR;
				GCC_WARN_UNDECLARED_SELECTOR = YES;
				GCC_WARN_UNINITIALIZED_AUTOS = YES_AGGRESSIVE;
				GCC_WARN_UNUSED_FUNCTION = YES;
				GCC_WARN_UNUSED_VARIABLE = YES;
				IPHONEOS_DEPLOYMENT_TARGET = 13.6;
				MTL_ENABLE_DEBUG_INFO = INCLUDE_SOURCE;
				MTL_FAST_MATH = YES;
				ONLY_ACTIVE_ARCH = YES;
				SDKROOT = iphoneos;
				SWIFT_ACTIVE_COMPILATION_CONDITIONS = DEBUG;
				SWIFT_OPTIMIZATION_LEVEL = "-Onone";
			};
			name = Debug;
		};
		017FCE39250D94D500F52132 /* Release */ = {
			isa = XCBuildConfiguration;
			buildSettings = {
				ALWAYS_SEARCH_USER_PATHS = NO;
				CLANG_ANALYZER_NONNULL = YES;
				CLANG_ANALYZER_NUMBER_OBJECT_CONVERSION = YES_AGGRESSIVE;
				CLANG_CXX_LANGUAGE_STANDARD = "gnu++14";
				CLANG_CXX_LIBRARY = "libc++";
				CLANG_ENABLE_MODULES = YES;
				CLANG_ENABLE_OBJC_ARC = YES;
				CLANG_ENABLE_OBJC_WEAK = YES;
				CLANG_WARN_BLOCK_CAPTURE_AUTORELEASING = YES;
				CLANG_WARN_BOOL_CONVERSION = YES;
				CLANG_WARN_COMMA = YES;
				CLANG_WARN_CONSTANT_CONVERSION = YES;
				CLANG_WARN_DEPRECATED_OBJC_IMPLEMENTATIONS = YES;
				CLANG_WARN_DIRECT_OBJC_ISA_USAGE = YES_ERROR;
				CLANG_WARN_DOCUMENTATION_COMMENTS = YES;
				CLANG_WARN_EMPTY_BODY = YES;
				CLANG_WARN_ENUM_CONVERSION = YES;
				CLANG_WARN_INFINITE_RECURSION = YES;
				CLANG_WARN_INT_CONVERSION = YES;
				CLANG_WARN_NON_LITERAL_NULL_CONVERSION = YES;
				CLANG_WARN_OBJC_IMPLICIT_RETAIN_SELF = YES;
				CLANG_WARN_OBJC_LITERAL_CONVERSION = YES;
				CLANG_WARN_OBJC_ROOT_CLASS = YES_ERROR;
				CLANG_WARN_RANGE_LOOP_ANALYSIS = YES;
				CLANG_WARN_STRICT_PROTOTYPES = YES;
				CLANG_WARN_SUSPICIOUS_MOVE = YES;
				CLANG_WARN_UNGUARDED_AVAILABILITY = YES_AGGRESSIVE;
				CLANG_WARN_UNREACHABLE_CODE = YES;
				CLANG_WARN__DUPLICATE_METHOD_MATCH = YES;
				COPY_PHASE_STRIP = NO;
				DEBUG_INFORMATION_FORMAT = "dwarf-with-dsym";
				ENABLE_NS_ASSERTIONS = NO;
				ENABLE_STRICT_OBJC_MSGSEND = YES;
				GCC_C_LANGUAGE_STANDARD = gnu11;
				GCC_NO_COMMON_BLOCKS = YES;
				GCC_WARN_64_TO_32_BIT_CONVERSION = YES;
				GCC_WARN_ABOUT_RETURN_TYPE = YES_ERROR;
				GCC_WARN_UNDECLARED_SELECTOR = YES;
				GCC_WARN_UNINITIALIZED_AUTOS = YES_AGGRESSIVE;
				GCC_WARN_UNUSED_FUNCTION = YES;
				GCC_WARN_UNUSED_VARIABLE = YES;
				IPHONEOS_DEPLOYMENT_TARGET = 13.6;
				MTL_ENABLE_DEBUG_INFO = NO;
				MTL_FAST_MATH = YES;
				SDKROOT = iphoneos;
				SWIFT_COMPILATION_MODE = wholemodule;
				SWIFT_OPTIMIZATION_LEVEL = "-O";
				VALIDATE_PRODUCT = YES;
			};
			name = Release;
		};
		017FCE3B250D94D500F52132 /* Debug */ = {
			isa = XCBuildConfiguration;
			buildSettings = {
				ASSETCATALOG_COMPILER_APPICON_NAME = AppIcon;
				CODE_SIGN_STYLE = Automatic;
				INFOPLIST_FILE = Bullseye2/Info.plist;
				LD_RUNPATH_SEARCH_PATHS = (
					"$(inherited)",
					"@executable_path/Frameworks",
				);
				PRODUCT_BUNDLE_IDENTIFIER = com.JonBelle.Bullseye2;
				PRODUCT_NAME = "$(TARGET_NAME)";
				SWIFT_VERSION = 5.0;
				TARGETED_DEVICE_FAMILY = "1,2";
			};
			name = Debug;
		};
		017FCE3C250D94D500F52132 /* Release */ = {
			isa = XCBuildConfiguration;
			buildSettings = {
				ASSETCATALOG_COMPILER_APPICON_NAME = AppIcon;
				CODE_SIGN_STYLE = Automatic;
				INFOPLIST_FILE = Bullseye2/Info.plist;
				LD_RUNPATH_SEARCH_PATHS = (
					"$(inherited)",
					"@executable_path/Frameworks",
				);
				PRODUCT_BUNDLE_IDENTIFIER = com.JonBelle.Bullseye2;
				PRODUCT_NAME = "$(TARGET_NAME)";
				SWIFT_VERSION = 5.0;
				TARGETED_DEVICE_FAMILY = "1,2";
			};
			name = Release;
		};
/* End XCBuildConfiguration section */

/* Begin XCConfigurationList section */
		017FCE21250D94CD00F52132 /* Build configuration list for PBXProject "Bullseye2" */ = {
			isa = XCConfigurationList;
			buildConfigurations = (
				017FCE38250D94D500F52132 /* Debug */,
				017FCE39250D94D500F52132 /* Release */,
			);
			defaultConfigurationIsVisible = 0;
			defaultConfigurationName = Release;
		};
		017FCE3A250D94D500F52132 /* Build configuration list for PBXNativeTarget "Bullseye2" */ = {
			isa = XCConfigurationList;
			buildConfigurations = (
				017FCE3B250D94D500F52132 /* Debug */,
				017FCE3C250D94D500F52132 /* Release */,
			);
			defaultConfigurationIsVisible = 0;
			defaultConfigurationName = Release;
		};
/* End XCConfigurationList section */
	};
	rootObject = 017FCE1E250D94CD00F52132 /* Project object */;
}
